
Microsoft Visual Studio Solution File, Format Version 12.00
# Visual Studio Version 17
VisualStudioVersion = 17.13.35828.75 d17.13
MinimumVisualStudioVersion = 10.0.40219.1
Project("{FAE04EC0-301F-11D3-BF4B-00C04F79EFBC}") = "CalculatorChallenge_Markus", "CalculatorChallenge_Markus.csproj", "{397F6BEB-9434-491F-A10F-19CEE58402EB}"
EndProject
Project("{FAE04EC0-301F-11D3-BF4B-00C04F79EFBC}") = "CalculatorChallenge_Markus.Tests", "..\CalculatorChallenge_Markus.Tests\CalculatorChallenge_Markus.Tests.csproj", "{443D1BCF-ACB5-4EA0-8BAD-B6AE3364625E}"
EndProject
Global
	GlobalSection(SolutionConfigurationPlatforms) = preSolution
		Debug|Any CPU = Debug|Any CPU
		Release|Any CPU = Release|Any CPU
	EndGlobalSection
	GlobalSection(ProjectConfigurationPlatforms) = postSolution
		{397F6BEB-9434-491F-A10F-19CEE58402EB}.Debug|Any CPU.ActiveCfg = Debug|Any CPU
		{397F6BEB-9434-491F-A10F-19CEE58402EB}.Debug|Any CPU.Build.0 = Debug|Any CPU
		{397F6BEB-9434-491F-A10F-19CEE58402EB}.Release|Any CPU.ActiveCfg = Release|Any CPU
		{397F6BEB-9434-491F-A10F-19CEE58402EB}.Release|Any CPU.Build.0 = Release|Any CPU
		{443D1BCF-ACB5-4EA0-8BAD-B6AE3364625E}.Debug|Any CPU.ActiveCfg = Debug|Any CPU
		{443D1BCF-ACB5-4EA0-8BAD-B6AE3364625E}.Debug|Any CPU.Build.0 = Debug|Any CPU
		{443D1BCF-ACB5-4EA0-8BAD-B6AE3364625E}.Release|Any CPU.ActiveCfg = Release|Any CPU
		{443D1BCF-ACB5-4EA0-8BAD-B6AE3364625E}.Release|Any CPU.Build.0 = Release|Any CPU
	EndGlobalSection
	GlobalSection(SolutionProperties) = preSolution
		HideSolutionNode = FALSE
	EndGlobalSection
	GlobalSection(ExtensibilityGlobals) = postSolution
		SolutionGuid = {4BB7AC06-6D93-4B61-B26B-65E6D36199E7}
	EndGlobalSection
EndGlobal
